# This file is automatically @generated by Cargo.
# It is not intended for manual editing.
version = 3

[[package]]
name = "argv"
version = "0.1.11"
source = "registry+https://github.com/rust-lang/crates.io-index"
checksum = "5ec90225cd9dc43f6b1c9892603293f3767520a3e8440edec1f7d2a47b88c678"

[[package]]
name = "gflags"
version = "0.3.12"
source = "registry+https://github.com/rust-lang/crates.io-index"
checksum = "8331d16d5d69b23e753a00b3aaeee0c33b3bab7b93044afa48d2e6e6c28d621a"
dependencies = [
 "argv",
 "gflags-impl",
 "inventory",
 "ref-cast",
]

[[package]]
name = "gflags-impl"
version = "0.3.12"
source = "registry+https://github.com/rust-lang/crates.io-index"
checksum = "1c746dc576d32875419faf6928ea7f74027f4c34aeee5bd9b540fb37b4448561"
dependencies = [
 "proc-macro2",
 "quote",
 "syn 1.0.109",
]

[[package]]
name = "inventory"
version = "0.3.15"
source = "registry+https://github.com/rust-lang/crates.io-index"
checksum = "f958d3d68f4167080a18141e10381e7634563984a537f2a49a30fd8e53ac5767"

[[package]]
name = "kl-rs"
version = "0.1.0"
dependencies = [
 "gflags",
]

[[package]]
name = "proc-macro2"
version = "1.0.79"
source = "registry+https://github.com/rust-lang/crates.io-index"
checksum = "e835ff2298f5721608eb1a980ecaee1aef2c132bf95ecc026a11b7bf3c01c02e"
dependencies = [
 "unicode-ident",
]

[[package]]
name = "quote"
version = "1.0.35"
source = "registry+https://github.com/rust-lang/crates.io-index"
checksum = "291ec9ab5efd934aaf503a6466c5d5251535d108ee747472c3977cc5acc868ef"
dependencies = [
 "proc-macro2",
]

[[package]]
name = "ref-cast"
version = "1.0.22"
source = "registry+https://github.com/rust-lang/crates.io-index"
checksum = "c4846d4c50d1721b1a3bef8af76924eef20d5e723647333798c1b519b3a9473f"
dependencies = [
 "ref-cast-impl",
]

[[package]]
name = "ref-cast-impl"
version = "1.0.22"
source = "registry+https://github.com/rust-lang/crates.io-index"
checksum = "5fddb4f8d99b0a2ebafc65a87a69a7b9875e4b1ae1f00db265d300ef7f28bccc"
dependencies = [
 "proc-macro2",
 "quote",
 "syn 2.0.53",
]

[[package]]
name = "syn"
version = "1.0.109"
source = "registry+https://github.com/rust-lang/crates.io-index"
checksum = "72b64191b275b66ffe2469e8af2c1cfe3bafa67b529ead792a6d0160888b4237"
dependencies = [
 "proc-macro2",
 "quote",
 "unicode-ident",
]

[[package]]
name = "syn"
version = "2.0.53"
source = "registry+https://github.com/rust-lang/crates.io-index"
checksum = "7383cd0e49fff4b6b90ca5670bfd3e9d6a733b3f90c686605aa7eec8c4996032"
dependencies = [
 "proc-macro2",
 "quote",
 "unicode-ident",
]

[[package]]
name = "unicode-ident"
version = "1.0.12"
source = "registry+https://github.com/rust-lang/crates.io-index"
checksum = "3354b9ac3fae1ff6755cb6db53683adb661634f67557942dea4facebec0fee4b"
